
Microsoft Visual Studio Solution File, Format Version 12.00
# Visual Studio Version 16
VisualStudioVersion = 16.0.29403.142
MinimumVisualStudioVersion = 10.0.40219.1
Project("{FAE04EC0-301F-11D3-BF4B-00C04F79EFBC}") = "ICommService", "ICommService\ICommService.csproj", "{E70DB46A-48EB-4CC2-A8CA-FB5F5EE5E868}"
EndProject
Project("{FAE04EC0-301F-11D3-BF4B-00C04F79EFBC}") = "CommService", "CommService\CommService.csproj", "{F4EA3343-94FD-4AAA-9FD2-9EDFDBCBEA82}"
EndProject
Project("{FAE04EC0-301F-11D3-BF4B-00C04F79EFBC}") = "Server", "Server\Server.csproj", "{5556846A-5E82-4165-8606-3B18D7FB70B7}"
	ProjectSection(ProjectDependencies) = postProject
		{F4EA3343-94FD-4AAA-9FD2-9EDFDBCBEA82} = {F4EA3343-94FD-4AAA-9FD2-9EDFDBCBEA82}
		{F30A5E78-908B-4D2F-BD7C-B13C60E42121} = {F30A5E78-908B-4D2F-BD7C-B13C60E42121}
		{76074EF7-8D70-4951-A89D-53BF55477CDF} = {76074EF7-8D70-4951-A89D-53BF55477CDF}
	EndProjectSection
EndProject
Project("{FAE04EC0-301F-11D3-BF4B-00C04F79EFBC}") = "Client1", "Client\Client1.csproj", "{7C941E58-6A66-4748-B269-7E2116F0FB73}"
	ProjectSection(ProjectDependencies) = postProject
		{F4EA3343-94FD-4AAA-9FD2-9EDFDBCBEA82} = {F4EA3343-94FD-4AAA-9FD2-9EDFDBCBEA82}
		{F30A5E78-908B-4D2F-BD7C-B13C60E42121} = {F30A5E78-908B-4D2F-BD7C-B13C60E42121}
		{76074EF7-8D70-4951-A89D-53BF55477CDF} = {76074EF7-8D70-4951-A89D-53BF55477CDF}
	EndProjectSection
EndProject
Project("{FAE04EC0-301F-11D3-BF4B-00C04F79EFBC}") = "Client2", "Client2\Client2.csproj", "{FC341354-C10B-4CBF-B7EB-F7075A8BEDEB}"
	ProjectSection(ProjectDependencies) = postProject
		{F4EA3343-94FD-4AAA-9FD2-9EDFDBCBEA82} = {F4EA3343-94FD-4AAA-9FD2-9EDFDBCBEA82}
		{F30A5E78-908B-4D2F-BD7C-B13C60E42121} = {F30A5E78-908B-4D2F-BD7C-B13C60E42121}
		{76074EF7-8D70-4951-A89D-53BF55477CDF} = {76074EF7-8D70-4951-A89D-53BF55477CDF}
	EndProjectSection
EndProject
Project("{FAE04EC0-301F-11D3-BF4B-00C04F79EFBC}") = "Receiver", "Receiver\Receiver.csproj", "{DF19B5C4-6901-40DB-B8E2-66AB614C92D6}"
EndProject
Project("{FAE04EC0-301F-11D3-BF4B-00C04F79EFBC}") = "Sender", "Sender\Sender.csproj", "{157B8945-CF60-4622-8000-0A8111E6DB84}"
EndProject
Project("{FAE04EC0-301F-11D3-BF4B-00C04F79EFBC}") = "Utilities", "Utilities\Utilities.csproj", "{75C29A38-49BB-41A1-8A23-F42CB8116546}"
EndProject
Project("{FAE04EC0-301F-11D3-BF4B-00C04F79EFBC}") = "BlockingQueue", "BlockingQueue\BlockingQueue.csproj", "{76074EF7-8D70-4951-A89D-53BF55477CDF}"
EndProject
Project("{FAE04EC0-301F-11D3-BF4B-00C04F79EFBC}") = "WpfClient", "WpfClient\WpfClient.csproj", "{286DE5F9-F839-4D4E-9CFF-59745B1B8F9F}"
EndProject
Project("{FAE04EC0-301F-11D3-BF4B-00C04F79EFBC}") = "MakeMessage", "MakeMessage\MakeMessage.csproj", "{F30A5E78-908B-4D2F-BD7C-B13C60E42121}"
EndProject
Project("{FAE04EC0-301F-11D3-BF4B-00C04F79EFBC}") = "SimpleServer", "SimpleServer\SimpleServer.csproj", "{C84CB967-361E-4489-B5FE-A1369BBCFA9F}"
EndProject
Global
	GlobalSection(SolutionConfigurationPlatforms) = preSolution
		Debug|Any CPU = Debug|Any CPU
		Debug|x64 = Debug|x64
		Release|Any CPU = Release|Any CPU
		Release|x64 = Release|x64
	EndGlobalSection
	GlobalSection(ProjectConfigurationPlatforms) = postSolution
		{E70DB46A-48EB-4CC2-A8CA-FB5F5EE5E868}.Debug|Any CPU.ActiveCfg = Debug|Any CPU
		{E70DB46A-48EB-4CC2-A8CA-FB5F5EE5E868}.Debug|Any CPU.Build.0 = Debug|Any CPU
		{E70DB46A-48EB-4CC2-A8CA-FB5F5EE5E868}.Debug|x64.ActiveCfg = Debug|x64
		{E70DB46A-48EB-4CC2-A8CA-FB5F5EE5E868}.Debug|x64.Build.0 = Debug|x64
		{E70DB46A-48EB-4CC2-A8CA-FB5F5EE5E868}.Release|Any CPU.ActiveCfg = Release|Any CPU
		{E70DB46A-48EB-4CC2-A8CA-FB5F5EE5E868}.Release|Any CPU.Build.0 = Release|Any CPU
		{E70DB46A-48EB-4CC2-A8CA-FB5F5EE5E868}.Release|x64.ActiveCfg = Release|Any CPU
		{E70DB46A-48EB-4CC2-A8CA-FB5F5EE5E868}.Release|x64.Build.0 = Release|Any CPU
		{F4EA3343-94FD-4AAA-9FD2-9EDFDBCBEA82}.Debug|Any CPU.ActiveCfg = Debug|Any CPU
		{F4EA3343-94FD-4AAA-9FD2-9EDFDBCBEA82}.Debug|Any CPU.Build.0 = Debug|Any CPU
		{F4EA3343-94FD-4AAA-9FD2-9EDFDBCBEA82}.Debug|x64.ActiveCfg = Debug|x64
		{F4EA3343-94FD-4AAA-9FD2-9EDFDBCBEA82}.Debug|x64.Build.0 = Debug|x64
		{F4EA3343-94FD-4AAA-9FD2-9EDFDBCBEA82}.Release|Any CPU.ActiveCfg = Release|Any CPU
		{F4EA3343-94FD-4AAA-9FD2-9EDFDBCBEA82}.Release|Any CPU.Build.0 = Release|Any CPU
		{F4EA3343-94FD-4AAA-9FD2-9EDFDBCBEA82}.Release|x64.ActiveCfg = Release|Any CPU
		{F4EA3343-94FD-4AAA-9FD2-9EDFDBCBEA82}.Release|x64.Build.0 = Release|Any CPU
		{5556846A-5E82-4165-8606-3B18D7FB70B7}.Debug|Any CPU.ActiveCfg = Debug|Any CPU
		{5556846A-5E82-4165-8606-3B18D7FB70B7}.Debug|Any CPU.Build.0 = Debug|Any CPU
		{5556846A-5E82-4165-8606-3B18D7FB70B7}.Debug|x64.ActiveCfg = Debug|x64
		{5556846A-5E82-4165-8606-3B18D7FB70B7}.Debug|x64.Build.0 = Debug|x64
		{5556846A-5E82-4165-8606-3B18D7FB70B7}.Release|Any CPU.ActiveCfg = Release|Any CPU
		{5556846A-5E82-4165-8606-3B18D7FB70B7}.Release|Any CPU.Build.0 = Release|Any CPU
		{5556846A-5E82-4165-8606-3B18D7FB70B7}.Release|x64.ActiveCfg = Release|Any CPU
		{5556846A-5E82-4165-8606-3B18D7FB70B7}.Release|x64.Build.0 = Release|Any CPU
		{7C941E58-6A66-4748-B269-7E2116F0FB73}.Debug|Any CPU.ActiveCfg = Debug|Any CPU
		{7C941E58-6A66-4748-B269-7E2116F0FB73}.Debug|Any CPU.Build.0 = Debug|Any CPU
		{7C941E58-6A66-4748-B269-7E2116F0FB73}.Debug|x64.ActiveCfg = Debug|x64
		{7C941E58-6A66-4748-B269-7E2116F0FB73}.Debug|x64.Build.0 = Debug|x64
		{7C941E58-6A66-4748-B269-7E2116F0FB73}.Release|Any CPU.ActiveCfg = Release|Any CPU
		{7C941E58-6A66-4748-B269-7E2116F0FB73}.Release|Any CPU.Build.0 = Release|Any CPU
		{7C941E58-6A66-4748-B269-7E2116F0FB73}.Release|x64.ActiveCfg = Release|x64
		{7C941E58-6A66-4748-B269-7E2116F0FB73}.Release|x64.Build.0 = Release|x64
		{FC341354-C10B-4CBF-B7EB-F7075A8BEDEB}.Debug|Any CPU.ActiveCfg = Debug|Any CPU
		{FC341354-C10B-4CBF-B7EB-F7075A8BEDEB}.Debug|Any CPU.Build.0 = Debug|Any CPU
		{FC341354-C10B-4CBF-B7EB-F7075A8BEDEB}.Debug|x64.ActiveCfg = Debug|x64
		{FC341354-C10B-4CBF-B7EB-F7075A8BEDEB}.Debug|x64.Build.0 = Debug|x64
		{FC341354-C10B-4CBF-B7EB-F7075A8BEDEB}.Release|Any CPU.ActiveCfg = Release|Any CPU
		{FC341354-C10B-4CBF-B7EB-F7075A8BEDEB}.Release|Any CPU.Build.0 = Release|Any CPU
		{FC341354-C10B-4CBF-B7EB-F7075A8BEDEB}.Release|x64.ActiveCfg = Release|x64
		{FC341354-C10B-4CBF-B7EB-F7075A8BEDEB}.Release|x64.Build.0 = Release|x64
		{DF19B5C4-6901-40DB-B8E2-66AB614C92D6}.Debug|Any CPU.ActiveCfg = Debug|Any CPU
		{DF19B5C4-6901-40DB-B8E2-66AB614C92D6}.Debug|Any CPU.Build.0 = Debug|Any CPU
		{DF19B5C4-6901-40DB-B8E2-66AB614C92D6}.Debug|x64.ActiveCfg = Debug|x64
		{DF19B5C4-6901-40DB-B8E2-66AB614C92D6}.Debug|x64.Build.0 = Debug|x64
		{DF19B5C4-6901-40DB-B8E2-66AB614C92D6}.Release|Any CPU.ActiveCfg = Release|Any CPU
		{DF19B5C4-6901-40DB-B8E2-66AB614C92D6}.Release|Any CPU.Build.0 = Release|Any CPU
		{DF19B5C4-6901-40DB-B8E2-66AB614C92D6}.Release|x64.ActiveCfg = Release|Any CPU
		{DF19B5C4-6901-40DB-B8E2-66AB614C92D6}.Release|x64.Build.0 = Release|Any CPU
		{157B8945-CF60-4622-8000-0A8111E6DB84}.Debug|Any CPU.ActiveCfg = Debug|Any CPU
		{157B8945-CF60-4622-8000-0A8111E6DB84}.Debug|Any CPU.Build.0 = Debug|Any CPU
		{157B8945-CF60-4622-8000-0A8111E6DB84}.Debug|x64.ActiveCfg = Debug|x64
		{157B8945-CF60-4622-8000-0A8111E6DB84}.Debug|x64.Build.0 = Debug|x64
		{157B8945-CF60-4622-8000-0A8111E6DB84}.Release|Any CPU.ActiveCfg = Release|Any CPU
		{157B8945-CF60-4622-8000-0A8111E6DB84}.Release|Any CPU.Build.0 = Release|Any CPU
		{157B8945-CF60-4622-8000-0A8111E6DB84}.Release|x64.ActiveCfg = Release|Any CPU
		{157B8945-CF60-4622-8000-0A8111E6DB84}.Release|x64.Build.0 = Release|Any CPU
		{75C29A38-49BB-41A1-8A23-F42CB8116546}.Debug|Any CPU.ActiveCfg = Debug|Any CPU
		{75C29A38-49BB-41A1-8A23-F42CB8116546}.Debug|Any CPU.Build.0 = Debug|Any CPU
		{75C29A38-49BB-41A1-8A23-F42CB8116546}.Debug|x64.ActiveCfg = Debug|x64
		{75C29A38-49BB-41A1-8A23-F42CB8116546}.Debug|x64.Build.0 = Debug|x64
		{75C29A38-49BB-41A1-8A23-F42CB8116546}.Release|Any CPU.ActiveCfg = Release|Any CPU
		{75C29A38-49BB-41A1-8A23-F42CB8116546}.Release|Any CPU.Build.0 = Release|Any CPU
		{75C29A38-49BB-41A1-8A23-F42CB8116546}.Release|x64.ActiveCfg = Release|Any CPU
		{75C29A38-49BB-41A1-8A23-F42CB8116546}.Release|x64.Build.0 = Release|Any CPU
		{76074EF7-8D70-4951-A89D-53BF55477CDF}.Debug|Any CPU.ActiveCfg = Debug|Any CPU
		{76074EF7-8D70-4951-A89D-53BF55477CDF}.Debug|Any CPU.Build.0 = Debug|Any CPU
		{76074EF7-8D70-4951-A89D-53BF55477CDF}.Debug|x64.ActiveCfg = Debug|x64
		{76074EF7-8D70-4951-A89D-53BF55477CDF}.Debug|x64.Build.0 = Debug|x64
		{76074EF7-8D70-4951-A89D-53BF55477CDF}.Release|Any CPU.ActiveCfg = Release|Any CPU
		{76074EF7-8D70-4951-A89D-53BF55477CDF}.Release|Any CPU.Build.0 = Release|Any CPU
		{76074EF7-8D70-4951-A89D-53BF55477CDF}.Release|x64.ActiveCfg = Release|Any CPU
		{76074EF7-8D70-4951-A89D-53BF55477CDF}.Release|x64.Build.0 = Release|Any CPU
		{286DE5F9-F839-4D4E-9CFF-59745B1B8F9F}.Debug|Any CPU.ActiveCfg = Debug|Any CPU
		{286DE5F9-F839-4D4E-9CFF-59745B1B8F9F}.Debug|Any CPU.Build.0 = Debug|Any CPU
		{286DE5F9-F839-4D4E-9CFF-59745B1B8F9F}.Debug|x64.ActiveCfg = Debug|x64
		{286DE5F9-F839-4D4E-9CFF-59745B1B8F9F}.Debug|x64.Build.0 = Debug|x64
		{286DE5F9-F839-4D4E-9CFF-59745B1B8F9F}.Release|Any CPU.ActiveCfg = Release|Any CPU
		{286DE5F9-F839-4D4E-9CFF-59745B1B8F9F}.Release|Any CPU.Build.0 = Release|Any CPU
		{286DE5F9-F839-4D4E-9CFF-59745B1B8F9F}.Release|x64.ActiveCfg = Release|Any CPU
		{286DE5F9-F839-4D4E-9CFF-59745B1B8F9F}.Release|x64.Build.0 = Release|Any CPU
		{F30A5E78-908B-4D2F-BD7C-B13C60E42121}.Debug|Any CPU.ActiveCfg = Debug|Any CPU
		{F30A5E78-908B-4D2F-BD7C-B13C60E42121}.Debug|Any CPU.Build.0 = Debug|Any CPU
		{F30A5E78-908B-4D2F-BD7C-B13C60E42121}.Debug|x64.ActiveCfg = Debug|x64
		{F30A5E78-908B-4D2F-BD7C-B13C60E42121}.Debug|x64.Build.0 = Debug|x64
		{F30A5E78-908B-4D2F-BD7C-B13C60E42121}.Release|Any CPU.ActiveCfg = Release|Any CPU
		{F30A5E78-908B-4D2F-BD7C-B13C60E42121}.Release|Any CPU.Build.0 = Release|Any CPU
		{F30A5E78-908B-4D2F-BD7C-B13C60E42121}.Release|x64.ActiveCfg = Release|Any CPU
		{F30A5E78-908B-4D2F-BD7C-B13C60E42121}.Release|x64.Build.0 = Release|Any CPU
		{C84CB967-361E-4489-B5FE-A1369BBCFA9F}.Debug|Any CPU.ActiveCfg = Debug|Any CPU
		{C84CB967-361E-4489-B5FE-A1369BBCFA9F}.Debug|Any CPU.Build.0 = Debug|Any CPU
		{C84CB967-361E-4489-B5FE-A1369BBCFA9F}.Debug|x64.ActiveCfg = Debug|x64
		{C84CB967-361E-4489-B5FE-A1369BBCFA9F}.Debug|x64.Build.0 = Debug|x64
		{C84CB967-361E-4489-B5FE-A1369BBCFA9F}.Release|Any CPU.ActiveCfg = Release|Any CPU
		{C84CB967-361E-4489-B5FE-A1369BBCFA9F}.Release|Any CPU.Build.0 = Release|Any CPU
		{C84CB967-361E-4489-B5FE-A1369BBCFA9F}.Release|x64.ActiveCfg = Release|Any CPU
		{C84CB967-361E-4489-B5FE-A1369BBCFA9F}.Release|x64.Build.0 = Release|Any CPU
	EndGlobalSection
	GlobalSection(SolutionProperties) = preSolution
		HideSolutionNode = FALSE
	EndGlobalSection
	GlobalSection(ExtensibilityGlobals) = postSolution
		SolutionGuid = {C862240E-6933-4ABA-B906-3963782284B1}
	EndGlobalSection
EndGlobal
